
Microsoft Visual Studio Solution File, Format Version 12.00
# Visual Studio 15
VisualStudioVersion = 15.0.27428.2002
MinimumVisualStudioVersion = 10.0.40219.1
Project("{FAE04EC0-301F-11D3-BF4B-00C04F79EFBC}") = "ASPNETCore_WebhooksSample", "ASPNETCore_WebhooksSample\ASPNETCore_WebhooksSample.csproj", "{ACDF446E-057A-4EB2-BA67-F7937ACD9599}"
EndProject
Global
	GlobalSection(SolutionConfigurationPlatforms) = preSolution
		Debug|Any CPU = Debug|Any CPU
		Release|Any CPU = Release|Any CPU
	EndGlobalSection
	GlobalSection(ProjectConfigurationPlatforms) = postSolution
		{ACDF446E-057A-4EB2-BA67-F7937ACD9599}.Debug|Any CPU.ActiveCfg = Debug|Any CPU
		{ACDF446E-057A-4EB2-BA67-F7937ACD9599}.Debug|Any CPU.Build.0 = Debug|Any CPU
		{ACDF446E-057A-4EB2-BA67-F7937ACD9599}.Release|Any CPU.ActiveCfg = Release|Any CPU
		{ACDF446E-057A-4EB2-BA67-F7937ACD9599}.Release|Any CPU.Build.0 = Release|Any CPU
	EndGlobalSection
	GlobalSection(SolutionProperties) = preSolution
		HideSolutionNode = FALSE
	EndGlobalSection
	GlobalSection(ExtensibilityGlobals) = postSolution
		SolutionGuid = {C354F718-33EA-48E4-B9EF-7F9F39C6F70D}
	EndGlobalSection
EndGlobal
